// !$*UTF8*$!
{
	archiveVersion = 1;
	classes = {
	};
	objectVersion = 50;
	objects = {

/* Begin PBXBuildFile section */
		3D25A5DA230C892F00F6ED47 /* AppDelegate.swift in Sources */ = {isa = PBXBuildFile; fileRef = 3D25A5D9230C892F00F6ED47 /* AppDelegate.swift */; };
		3D25A5DC230C892F00F6ED47 /* ViewController.swift in Sources */ = {isa = PBXBuildFile; fileRef = 3D25A5DB230C892F00F6ED47 /* ViewController.swift */; };
		3D25A5DF230C892F00F6ED47 /* Main.storyboard in Resources */ = {isa = PBXBuildFile; fileRef = 3D25A5DD230C892F00F6ED47 /* Main.storyboard */; };
		3D25A5E1230C893100F6ED47 /* Assets.xcassets in Resources */ = {isa = PBXBuildFile; fileRef = 3D25A5E0230C893100F6ED47 /* Assets.xcassets */; };
		3D25A5E4230C893100F6ED47 /* LaunchScreen.storyboard in Resources */ = {isa = PBXBuildFile; fileRef = 3D25A5E2230C893100F6ED47 /* LaunchScreen.storyboard */; };
		3D25A5EF230C893100F6ED47 /* PracticaSizeClassedTests.swift in Sources */ = {isa = PBXBuildFile; fileRef = 3D25A5EE230C893100F6ED47 /* PracticaSizeClassedTests.swift */; };
		3D25A5FA230C893100F6ED47 /* PracticaSizeClassedUITests.swift in Sources */ = {isa = PBXBuildFile; fileRef = 3D25A5F9230C893100F6ED47 /* PracticaSizeClassedUITests.swift */; };
/* End PBXBuildFile section */

/* Begin PBXContainerItemProxy section */
		3D25A5EB230C893100F6ED47 /* PBXContainerItemProxy */ = {
			isa = PBXContainerItemProxy;
			containerPortal = 3D25A5CE230C892F00F6ED47 /* Project object */;
			proxyType = 1;
			remoteGlobalIDString = 3D25A5D5230C892F00F6ED47;
			remoteInfo = PracticaSizeClassed;
		};
		3D25A5F6230C893100F6ED47 /* PBXContainerItemProxy */ = {
			isa = PBXContainerItemProxy;
			containerPortal = 3D25A5CE230C892F00F6ED47 /* Project object */;
			proxyType = 1;
			remoteGlobalIDString = 3D25A5D5230C892F00F6ED47;
			remoteInfo = PracticaSizeClassed;
		};
/* End PBXContainerItemProxy section */

/* Begin PBXFileReference section */
		3D25A5D6230C892F00F6ED47 /* PracticaSizeClassed.app */ = {isa = PBXFileReference; explicitFileType = wrapper.application; includeInIndex = 0; path = PracticaSizeClassed.app; sourceTree = BUILT_PRODUCTS_DIR; };
		3D25A5D9230C892F00F6ED47 /* AppDelegate.swift */ = {isa = PBXFileReference; lastKnownFileType = sourcecode.swift; path = AppDelegate.swift; sourceTree = "<group>"; };
		3D25A5DB230C892F00F6ED47 /* ViewController.swift */ = {isa = PBXFileReference; lastKnownFileType = sourcecode.swift; path = ViewController.swift; sourceTree = "<group>"; };
		3D25A5DE230C892F00F6ED47 /* Base */ = {isa = PBXFileReference; lastKnownFileType = file.storyboard; name = Base; path = Base.lproj/Main.storyboard; sourceTree = "<group>"; };
		3D25A5E0230C893100F6ED47 /* Assets.xcassets */ = {isa = PBXFileReference; lastKnownFileType = folder.assetcatalog; path = Assets.xcassets; sourceTree = "<group>"; };
		3D25A5E3230C893100F6ED47 /* Base */ = {isa = PBXFileReference; lastKnownFileType = file.storyboard; name = Base; path = Base.lproj/LaunchScreen.storyboard; sourceTree = "<group>"; };
		3D25A5E5230C893100F6ED47 /* Info.plist */ = {isa = PBXFileReference; lastKnownFileType = text.plist.xml; path = Info.plist; sourceTree = "<group>"; };
		3D25A5EA230C893100F6ED47 /* PracticaSizeClassedTests.xctest */ = {isa = PBXFileReference; explicitFileType = wrapper.cfbundle; includeInIndex = 0; path = PracticaSizeClassedTests.xctest; sourceTree = BUILT_PRODUCTS_DIR; };
		3D25A5EE230C893100F6ED47 /* PracticaSizeClassedTests.swift */ = {isa = PBXFileReference; lastKnownFileType = sourcecode.swift; path = PracticaSizeClassedTests.swift; sourceTree = "<group>"; };
		3D25A5F0230C893100F6ED47 /* Info.plist */ = {isa = PBXFileReference; lastKnownFileType = text.plist.xml; path = Info.plist; sourceTree = "<group>"; };
		3D25A5F5230C893100F6ED47 /* PracticaSizeClassedUITests.xctest */ = {isa = PBXFileReference; explicitFileType = wrapper.cfbundle; includeInIndex = 0; path = PracticaSizeClassedUITests.xctest; sourceTree = BUILT_PRODUCTS_DIR; };
		3D25A5F9230C893100F6ED47 /* PracticaSizeClassedUITests.swift */ = {isa = PBXFileReference; lastKnownFileType = sourcecode.swift; path = PracticaSizeClassedUITests.swift; sourceTree = "<group>"; };
		3D25A5FB230C893100F6ED47 /* Info.plist */ = {isa = PBXFileReference; lastKnownFileType = text.plist.xml; path = Info.plist; sourceTree = "<group>"; };
/* End PBXFileReference section */

/* Begin PBXFrameworksBuildPhase section */
		3D25A5D3230C892F00F6ED47 /* Frameworks */ = {
			isa = PBXFrameworksBuildPhase;
			buildActionMask = 2147483647;
			files = (
			);
			runOnlyForDeploymentPostprocessing = 0;
		};
		3D25A5E7230C893100F6ED47 /* Frameworks */ = {
			isa = PBXFrameworksBuildPhase;
			buildActionMask = 2147483647;
			files = (
			);
			runOnlyForDeploymentPostprocessing = 0;
		};
		3D25A5F2230C893100F6ED47 /* Frameworks */ = {
			isa = PBXFrameworksBuildPhase;
			buildActionMask = 2147483647;
			files = (
			);
			runOnlyForDeploymentPostprocessing = 0;
		};
/* End PBXFrameworksBuildPhase section */

/* Begin PBXGroup section */
		3D25A5CD230C892F00F6ED47 = {
			isa = PBXGroup;
			children = (
				3D25A5D8230C892F00F6ED47 /* PracticaSizeClassed */,
				3D25A5ED230C893100F6ED47 /* PracticaSizeClassedTests */,
				3D25A5F8230C893100F6ED47 /* PracticaSizeClassedUITests */,
				3D25A5D7230C892F00F6ED47 /* Products */,
			);
			sourceTree = "<group>";
		};
		3D25A5D7230C892F00F6ED47 /* Products */ = {
			isa = PBXGroup;
			children = (
				3D25A5D6230C892F00F6ED47 /* PracticaSizeClassed.app */,
				3D25A5EA230C893100F6ED47 /* PracticaSizeClassedTests.xctest */,
				3D25A5F5230C893100F6ED47 /* PracticaSizeClassedUITests.xctest */,
			);
			name = Products;
			sourceTree = "<group>";
		};
		3D25A5D8230C892F00F6ED47 /* PracticaSizeClassed */ = {
			isa = PBXGroup;
			children = (
				3D25A5D9230C892F00F6ED47 /* AppDelegate.swift */,
				3D25A5DB230C892F00F6ED47 /* ViewController.swift */,
				3D25A5DD230C892F00F6ED47 /* Main.storyboard */,
				3D25A5E0230C893100F6ED47 /* Assets.xcassets */,
				3D25A5E2230C893100F6ED47 /* LaunchScreen.storyboard */,
				3D25A5E5230C893100F6ED47 /* Info.plist */,
			);
			path = PracticaSizeClassed;
			sourceTree = "<group>";
		};
		3D25A5ED230C893100F6ED47 /* PracticaSizeClassedTests */ = {
			isa = PBXGroup;
			children = (
				3D25A5EE230C893100F6ED47 /* PracticaSizeClassedTests.swift */,
				3D25A5F0230C893100F6ED47 /* Info.plist */,
			);
			path = PracticaSizeClassedTests;
			sourceTree = "<group>";
		};
		3D25A5F8230C893100F6ED47 /* PracticaSizeClassedUITests */ = {
			isa = PBXGroup;
			children = (
				3D25A5F9230C893100F6ED47 /* PracticaSizeClassedUITests.swift */,
				3D25A5FB230C893100F6ED47 /* Info.plist */,
			);
			path = PracticaSizeClassedUITests;
			sourceTree = "<group>";
		};
/* End PBXGroup section */

/* Begin PBXNativeTarget section */
		3D25A5D5230C892F00F6ED47 /* PracticaSizeClassed */ = {
			isa = PBXNativeTarget;
			buildConfigurationList = 3D25A5FE230C893100F6ED47 /* Build configuration list for PBXNativeTarget "PracticaSizeClassed" */;
			buildPhases = (
				3D25A5D2230C892F00F6ED47 /* Sources */,
				3D25A5D3230C892F00F6ED47 /* Frameworks */,
				3D25A5D4230C892F00F6ED47 /* Resources */,
			);
			buildRules = (
			);
			dependencies = (
			);
			name = PracticaSizeClassed;
			productName = PracticaSizeClassed;
			productReference = 3D25A5D6230C892F00F6ED47 /* PracticaSizeClassed.app */;
			productType = "com.apple.product-type.application";
		};
		3D25A5E9230C893100F6ED47 /* PracticaSizeClassedTests */ = {
			isa = PBXNativeTarget;
			buildConfigurationList = 3D25A601230C893100F6ED47 /* Build configuration list for PBXNativeTarget "PracticaSizeClassedTests" */;
			buildPhases = (
				3D25A5E6230C893100F6ED47 /* Sources */,
				3D25A5E7230C893100F6ED47 /* Frameworks */,
				3D25A5E8230C893100F6ED47 /* Resources */,
			);
			buildRules = (
			);
			dependencies = (
				3D25A5EC230C893100F6ED47 /* PBXTargetDependency */,
			);
			name = PracticaSizeClassedTests;
			productName = PracticaSizeClassedTests;
			productReference = 3D25A5EA230C893100F6ED47 /* PracticaSizeClassedTests.xctest */;
			productType = "com.apple.product-type.bundle.unit-test";
		};
		3D25A5F4230C893100F6ED47 /* PracticaSizeClassedUITests */ = {
			isa = PBXNativeTarget;
			buildConfigurationList = 3D25A604230C893100F6ED47 /* Build configuration list for PBXNativeTarget "PracticaSizeClassedUITests" */;
			buildPhases = (
				3D25A5F1230C893100F6ED47 /* Sources */,
				3D25A5F2230C893100F6ED47 /* Frameworks */,
				3D25A5F3230C893100F6ED47 /* Resources */,
			);
			buildRules = (
			);
			dependencies = (
				3D25A5F7230C893100F6ED47 /* PBXTargetDependency */,
			);
			name = PracticaSizeClassedUITests;
			productName = PracticaSizeClassedUITests;
			productReference = 3D25A5F5230C893100F6ED47 /* PracticaSizeClassedUITests.xctest */;
			productType = "com.apple.product-type.bundle.ui-testing";
		};
/* End PBXNativeTarget section */

/* Begin PBXProject section */
		3D25A5CE230C892F00F6ED47 /* Project object */ = {
			isa = PBXProject;
			attributes = {
				LastSwiftUpdateCheck = 0940;
				LastUpgradeCheck = 0940;
				ORGANIZATIONNAME = Alumno;
				TargetAttributes = {
					3D25A5D5230C892F00F6ED47 = {
						CreatedOnToolsVersion = 9.4.1;
					};
					3D25A5E9230C893100F6ED47 = {
						CreatedOnToolsVersion = 9.4.1;
						TestTargetID = 3D25A5D5230C892F00F6ED47;
					};
					3D25A5F4230C893100F6ED47 = {
						CreatedOnToolsVersion = 9.4.1;
						TestTargetID = 3D25A5D5230C892F00F6ED47;
					};
				};
			};
			buildConfigurationList = 3D25A5D1230C892F00F6ED47 /* Build configuration list for PBXProject "PracticaSizeClassed" */;
			compatibilityVersion = "Xcode 9.3";
			developmentRegion = en;
			hasScannedForEncodings = 0;
			knownRegions = (
				en,
				Base,
			);
			mainGroup = 3D25A5CD230C892F00F6ED47;
			productRefGroup = 3D25A5D7230C892F00F6ED47 /* Products */;
			projectDirPath = "";
			projectRoot = "";
			targets = (
				3D25A5D5230C892F00F6ED47 /* PracticaSizeClassed */,
				3D25A5E9230C893100F6ED47 /* PracticaSizeClassedTests */,
				3D25A5F4230C893100F6ED47 /* PracticaSizeClassedUITests */,
			);
		};
/* End PBXProject section */

/* Begin PBXResourcesBuildPhase section */
		3D25A5D4230C892F00F6ED47 /* Resources */ = {
			isa = PBXResourcesBuildPhase;
			buildActionMask = 2147483647;
			files = (
				3D25A5E4230C893100F6ED47 /* LaunchScreen.storyboard in Resources */,
				3D25A5E1230C893100F6ED47 /* Assets.xcassets in Resources */,
				3D25A5DF230C892F00F6ED47 /* Main.storyboard in Resources */,
			);
			runOnlyForDeploymentPostprocessing = 0;
		};
		3D25A5E8230C893100F6ED47 /* Resources */ = {
			isa = PBXResourcesBuildPhase;
			buildActionMask = 2147483647;
			files = (
			);
			runOnlyForDeploymentPostprocessing = 0;
		};
		3D25A5F3230C893100F6ED47 /* Resources */ = {
			isa = PBXResourcesBuildPhase;
			buildActionMask = 2147483647;
			files = (
			);
			runOnlyForDeploymentPostprocessing = 0;
		};
/* End PBXResourcesBuildPhase section */

/* Begin PBXSourcesBuildPhase section */
		3D25A5D2230C892F00F6ED47 /* Sources */ = {
			isa = PBXSourcesBuildPhase;
			buildActionMask = 2147483647;
			files = (
				3D25A5DC230C892F00F6ED47 /* ViewController.swift in Sources */,
				3D25A5DA230C892F00F6ED47 /* AppDelegate.swift in Sources */,
			);
			runOnlyForDeploymentPostprocessing = 0;
		};
		3D25A5E6230C893100F6ED47 /* Sources */ = {
			isa = PBXSourcesBuildPhase;
			buildActionMask = 2147483647;
			files = (
				3D25A5EF230C893100F6ED47 /* PracticaSizeClassedTests.swift in Sources */,
			);
			runOnlyForDeploymentPostprocessing = 0;
		};
		3D25A5F1230C893100F6ED47 /* Sources */ = {
			isa = PBXSourcesBuildPhase;
			buildActionMask = 2147483647;
			files = (
				3D25A5FA230C893100F6ED47 /* PracticaSizeClassedUITests.swift in Sources */,
			);
			runOnlyForDeploymentPostprocessing = 0;
		};
/* End PBXSourcesBuildPhase section */

/* Begin PBXTargetDependency section */
		3D25A5EC230C893100F6ED47 /* PBXTargetDependency */ = {
			isa = PBXTargetDependency;
			target = 3D25A5D5230C892F00F6ED47 /* PracticaSizeClassed */;
			targetProxy = 3D25A5EB230C893100F6ED47 /* PBXContainerItemProxy */;
		};
		3D25A5F7230C893100F6ED47 /* PBXTargetDependency */ = {
			isa = PBXTargetDependency;
			target = 3D25A5D5230C892F00F6ED47 /* PracticaSizeClassed */;
			targetProxy = 3D25A5F6230C893100F6ED47 /* PBXContainerItemProxy */;
		};
/* End PBXTargetDependency section */

/* Begin PBXVariantGroup section */
		3D25A5DD230C892F00F6ED47 /* Main.storyboard */ = {
			isa = PBXVariantGroup;
			children = (
				3D25A5DE230C892F00F6ED47 /* Base */,
			);
			name = Main.storyboard;
			sourceTree = "<group>";
		};
		3D25A5E2230C893100F6ED47 /* LaunchScreen.storyboard */ = {
			isa = PBXVariantGroup;
			children = (
				3D25A5E3230C893100F6ED47 /* Base */,
			);
			name = LaunchScreen.storyboard;
			sourceTree = "<group>";
		};
/* End PBXVariantGroup section */

/* Begin XCBuildConfiguration section */
		3D25A5FC230C893100F6ED47 /* Debug */ = {
			isa = XCBuildConfiguration;
			buildSettings = {
				ALWAYS_SEARCH_USER_PATHS = NO;
				CLANG_ANALYZER_NONNULL = YES;
				CLANG_ANALYZER_NUMBER_OBJECT_CONVERSION = YES_AGGRESSIVE;
				CLANG_CXX_LANGUAGE_STANDARD = "gnu++14";
				CLANG_CXX_LIBRARY = "libc++";
				CLANG_ENABLE_MODULES = YES;
				CLANG_ENABLE_OBJC_ARC = YES;
				CLANG_ENABLE_OBJC_WEAK = YES;
				CLANG_WARN_BLOCK_CAPTURE_AUTORELEASING = YES;
				CLANG_WARN_BOOL_CONVERSION = YES;
				CLANG_WARN_COMMA = YES;
				CLANG_WARN_CONSTANT_CONVERSION = YES;
				CLANG_WARN_DEPRECATED_OBJC_IMPLEMENTATIONS = YES;
				CLANG_WARN_DIRECT_OBJC_ISA_USAGE = YES_ERROR;
				CLANG_WARN_DOCUMENTATION_COMMENTS = YES;
				CLANG_WARN_EMPTY_BODY = YES;
				CLANG_WARN_ENUM_CONVERSION = YES;
				CLANG_WARN_INFINITE_RECURSION = YES;
				CLANG_WARN_INT_CONVERSION = YES;
				CLANG_WARN_NON_LITERAL_NULL_CONVERSION = YES;
				CLANG_WARN_OBJC_IMPLICIT_RETAIN_SELF = YES;
				CLANG_WARN_OBJC_LITERAL_CONVERSION = YES;
				CLANG_WARN_OBJC_ROOT_CLASS = YES_ERROR;
				CLANG_WARN_RANGE_LOOP_ANALYSIS = YES;
				CLANG_WARN_STRICT_PROTOTYPES = YES;
				CLANG_WARN_SUSPICIOUS_MOVE = YES;
				CLANG_WARN_UNGUARDED_AVAILABILITY = YES_AGGRESSIVE;
				CLANG_WARN_UNREACHABLE_CODE = YES;
				CLANG_WARN__DUPLICATE_METHOD_MATCH = YES;
				CODE_SIGN_IDENTITY = "iPhone Developer";
				COPY_PHASE_STRIP = NO;
				DEBUG_INFORMATION_FORMAT = dwarf;
				ENABLE_STRICT_OBJC_MSGSEND = YES;
				ENABLE_TESTABILITY = YES;
				GCC_C_LANGUAGE_STANDARD = gnu11;
				GCC_DYNAMIC_NO_PIC = NO;
				GCC_NO_COMMON_BLOCKS = YES;
				GCC_OPTIMIZATION_LEVEL = 0;
				GCC_PREPROCESSOR_DEFINITIONS = (
					"DEBUG=1",
					"$(inherited)",
				);
				GCC_WARN_64_TO_32_BIT_CONVERSION = YES;
				GCC_WARN_ABOUT_RETURN_TYPE = YES_ERROR;
				GCC_WARN_UNDECLARED_SELECTOR = YES;
				GCC_WARN_UNINITIALIZED_AUTOS = YES_AGGRESSIVE;
				GCC_WARN_UNUSED_FUNCTION = YES;
				GCC_WARN_UNUSED_VARIABLE = YES;
				IPHONEOS_DEPLOYMENT_TARGET = 11.4;
				MTL_ENABLE_DEBUG_INFO = YES;
				ONLY_ACTIVE_ARCH = YES;
				SDKROOT = iphoneos;
				SWIFT_ACTIVE_COMPILATION_CONDITIONS = DEBUG;
				SWIFT_OPTIMIZATION_LEVEL = "-Onone";
			};
			name = Debug;
		};
		3D25A5FD230C893100F6ED47 /* Release */ = {
			isa = XCBuildConfiguration;
			buildSettings = {
				ALWAYS_SEARCH_USER_PATHS = NO;
				CLANG_ANALYZER_NONNULL = YES;
				CLANG_ANALYZER_NUMBER_OBJECT_CONVERSION = YES_AGGRESSIVE;
				CLANG_CXX_LANGUAGE_STANDARD = "gnu++14";
				CLANG_CXX_LIBRARY = "libc++";
				CLANG_ENABLE_MODULES = YES;
				CLANG_ENABLE_OBJC_ARC = YES;
				CLANG_ENABLE_OBJC_WEAK = YES;
				CLANG_WARN_BLOCK_CAPTURE_AUTORELEASING = YES;
				CLANG_WARN_BOOL_CONVERSION = YES;
				CLANG_WARN_COMMA = YES;
				CLANG_WARN_CONSTANT_CONVERSION = YES;
				CLANG_WARN_DEPRECATED_OBJC_IMPLEMENTATIONS = YES;
				CLANG_WARN_DIRECT_OBJC_ISA_USAGE = YES_ERROR;
				CLANG_WARN_DOCUMENTATION_COMMENTS = YES;
				CLANG_WARN_EMPTY_BODY = YES;
				CLANG_WARN_ENUM_CONVERSION = YES;
				CLANG_WARN_INFINITE_RECURSION = YES;
				CLANG_WARN_INT_CONVERSION = YES;
				CLANG_WARN_NON_LITERAL_NULL_CONVERSION = YES;
				CLANG_WARN_OBJC_IMPLICIT_RETAIN_SELF = YES;
				CLANG_WARN_OBJC_LITERAL_CONVERSION = YES;
				CLANG_WARN_OBJC_ROOT_CLASS = YES_ERROR;
				CLANG_WARN_RANGE_LOOP_ANALYSIS = YES;
				CLANG_WARN_STRICT_PROTOTYPES = YES;
				CLANG_WARN_SUSPICIOUS_MOVE = YES;
				CLANG_WARN_UNGUARDED_AVAILABILITY = YES_AGGRESSIVE;
				CLANG_WARN_UNREACHABLE_CODE = YES;
				CLANG_WARN__DUPLICATE_METHOD_MATCH = YES;
				CODE_SIGN_IDENTITY = "iPhone Developer";
				COPY_PHASE_STRIP = NO;
				DEBUG_INFORMATION_FORMAT = "dwarf-with-dsym";
				ENABLE_NS_ASSERTIONS = NO;
				ENABLE_STRICT_OBJC_MSGSEND = YES;
				GCC_C_LANGUAGE_STANDARD = gnu11;
				GCC_NO_COMMON_BLOCKS = YES;
				GCC_WARN_64_TO_32_BIT_CONVERSION = YES;
				GCC_WARN_ABOUT_RETURN_TYPE = YES_ERROR;
				GCC_WARN_UNDECLARED_SELECTOR = YES;
				GCC_WARN_UNINITIALIZED_AUTOS = YES_AGGRESSIVE;
				GCC_WARN_UNUSED_FUNCTION = YES;
				GCC_WARN_UNUSED_VARIABLE = YES;
				IPHONEOS_DEPLOYMENT_TARGET = 11.4;
				MTL_ENABLE_DEBUG_INFO = NO;
				SDKROOT = iphoneos;
				SWIFT_COMPILATION_MODE = wholemodule;
				SWIFT_OPTIMIZATION_LEVEL = "-O";
				VALIDATE_PRODUCT = YES;
			};
			name = Release;
		};
		3D25A5FF230C893100F6ED47 /* Debug */ = {
			isa = XCBuildConfiguration;
			buildSettings = {
				ASSETCATALOG_COMPILER_APPICON_NAME = AppIcon;
				CODE_SIGN_STYLE = Automatic;
				INFOPLIST_FILE = PracticaSizeClassed/Info.plist;
				LD_RUNPATH_SEARCH_PATHS = (
					"$(inherited)",
					"@executable_path/Frameworks",
				);
				PRODUCT_BUNDLE_IDENTIFIER = ulsa.edu.PracticaSizeClassed;
				PRODUCT_NAME = "$(TARGET_NAME)";
				SWIFT_VERSION = 4.0;
				TARGETED_DEVICE_FAMILY = "1,2";
			};
			name = Debug;
		};
		3D25A600230C893100F6ED47 /* Release */ = {
			isa = XCBuildConfiguration;
			buildSettings = {
				ASSETCATALOG_COMPILER_APPICON_NAME = AppIcon;
				CODE_SIGN_STYLE = Automatic;
				INFOPLIST_FILE = PracticaSizeClassed/Info.plist;
				LD_RUNPATH_SEARCH_PATHS = (
					"$(inherited)",
					"@executable_path/Frameworks",
				);
				PRODUCT_BUNDLE_IDENTIFIER = ulsa.edu.PracticaSizeClassed;
				PRODUCT_NAME = "$(TARGET_NAME)";
				SWIFT_VERSION = 4.0;
				TARGETED_DEVICE_FAMILY = "1,2";
			};
			name = Release;
		};
		3D25A602230C893100F6ED47 /* Debug */ = {
			isa = XCBuildConfiguration;
			buildSettings = {
				ALWAYS_EMBED_SWIFT_STANDARD_LIBRARIES = YES;
				BUNDLE_LOADER = "$(TEST_HOST)";
				CODE_SIGN_STYLE = Automatic;
				INFOPLIST_FILE = PracticaSizeClassedTests/Info.plist;
				LD_RUNPATH_SEARCH_PATHS = (
					"$(inherited)",
					"@executable_path/Frameworks",
					"@loader_path/Frameworks",
				);
				PRODUCT_BUNDLE_IDENTIFIER = ulsa.edu.PracticaSizeClassedTests;
				PRODUCT_NAME = "$(TARGET_NAME)";
				SWIFT_VERSION = 4.0;
				TARGETED_DEVICE_FAMILY = "1,2";
				TEST_HOST = "$(BUILT_PRODUCTS_DIR)/PracticaSizeClassed.app/PracticaSizeClassed";
			};
			name = Debug;
		};
		3D25A603230C893100F6ED47 /* Release */ = {
			isa = XCBuildConfiguration;
			buildSettings = {
				ALWAYS_EMBED_SWIFT_STANDARD_LIBRARIES = YES;
				BUNDLE_LOADER = "$(TEST_HOST)";
				CODE_SIGN_STYLE = Automatic;
				INFOPLIST_FILE = PracticaSizeClassedTests/Info.plist;
				LD_RUNPATH_SEARCH_PATHS = (
					"$(inherited)",
					"@executable_path/Frameworks",
					"@loader_path/Frameworks",
				);
				PRODUCT_BUNDLE_IDENTIFIER = ulsa.edu.PracticaSizeClassedTests;
				PRODUCT_NAME = "$(TARGET_NAME)";
				SWIFT_VERSION = 4.0;
				TARGETED_DEVICE_FAMILY = "1,2";
				TEST_HOST = "$(BUILT_PRODUCTS_DIR)/PracticaSizeClassed.app/PracticaSizeClassed";
			};
			name = Release;
		};
		3D25A605230C893100F6ED47 /* Debug */ = {
			isa = XCBuildConfiguration;
			buildSettings = {
				ALWAYS_EMBED_SWIFT_STANDARD_LIBRARIES = YES;
				CODE_SIGN_STYLE = Automatic;
				INFOPLIST_FILE = PracticaSizeClassedUITests/Info.plist;
				LD_RUNPATH_SEARCH_PATHS = (
					"$(inherited)",
					"@executable_path/Frameworks",
					"@loader_path/Frameworks",
				);
				PRODUCT_BUNDLE_IDENTIFIER = ulsa.edu.PracticaSizeClassedUITests;
				PRODUCT_NAME = "$(TARGET_NAME)";
				SWIFT_VERSION = 4.0;
				TARGETED_DEVICE_FAMILY = "1,2";
				TEST_TARGET_NAME = PracticaSizeClassed;
			};
			name = Debug;
		};
		3D25A606230C893100F6ED47 /* Release */ = {
			isa = XCBuildConfiguration;
			buildSettings = {
				ALWAYS_EMBED_SWIFT_STANDARD_LIBRARIES = YES;
				CODE_SIGN_STYLE = Automatic;
				INFOPLIST_FILE = PracticaSizeClassedUITests/Info.plist;
				LD_RUNPATH_SEARCH_PATHS = (
					"$(inherited)",
					"@executable_path/Frameworks",
					"@loader_path/Frameworks",
				);
				PRODUCT_BUNDLE_IDENTIFIER = ulsa.edu.PracticaSizeClassedUITests;
				PRODUCT_NAME = "$(TARGET_NAME)";
				SWIFT_VERSION = 4.0;
				TARGETED_DEVICE_FAMILY = "1,2";
				TEST_TARGET_NAME = PracticaSizeClassed;
			};
			name = Release;
		};
/* End XCBuildConfiguration section */

/* Begin XCConfigurationList section */
		3D25A5D1230C892F00F6ED47 /* Build configuration list for PBXProject "PracticaSizeClassed" */ = {
			isa = XCConfigurationList;
			buildConfigurations = (
				3D25A5FC230C893100F6ED47 /* Debug */,
				3D25A5FD230C893100F6ED47 /* Release */,
			);
			defaultConfigurationIsVisible = 0;
			defaultConfigurationName = Release;
		};
		3D25A5FE230C893100F6ED47 /* Build configuration list for PBXNativeTarget "PracticaSizeClassed" */ = {
			isa = XCConfigurationList;
			buildConfigurations = (
				3D25A5FF230C893100F6ED47 /* Debug */,
				3D25A600230C893100F6ED47 /* Release */,
			);
			defaultConfigurationIsVisible = 0;
			defaultConfigurationName = Release;
		};
		3D25A601230C893100F6ED47 /* Build configuration list for PBXNativeTarget "PracticaSizeClassedTests" */ = {
			isa = XCConfigurationList;
			buildConfigurations = (
				3D25A602230C893100F6ED47 /* Debug */,
				3D25A603230C893100F6ED47 /* Release */,
			);
			defaultConfigurationIsVisible = 0;
			defaultConfigurationName = Release;
		};
		3D25A604230C893100F6ED47 /* Build configuration list for PBXNativeTarget "PracticaSizeClassedUITests" */ = {
			isa = XCConfigurationList;
			buildConfigurations = (
				3D25A605230C893100F6ED47 /* Debug */,
				3D25A606230C893100F6ED47 /* Release */,
			);
			defaultConfigurationIsVisible = 0;
			defaultConfigurationName = Release;
		};
/* End XCConfigurationList section */
	};
	rootObject = 3D25A5CE230C892F00F6ED47 /* Project object */;
}
